
Microsoft Visual Studio Solution File, Format Version 12.00
# Visual Studio 2012
# SharpDevelop 5.1
VisualStudioVersion = 12.0.20827.3
MinimumVisualStudioVersion = 10.0.40219.1
Project("{FAE04EC0-301F-11D3-BF4B-00C04F79EFBC}") = "ruf", "ruf\ruf.csproj", "{B9046684-A910-4F31-9E9A-E88AC0DA90D5}"
EndProject
Global
	GlobalSection(SolutionConfigurationPlatforms) = preSolution
		Debug|Any CPU = Debug|Any CPU
		Release|Any CPU = Release|Any CPU
	EndGlobalSection
	GlobalSection(ProjectConfigurationPlatforms) = postSolution
		{B9046684-A910-4F31-9E9A-E88AC0DA90D5}.Debug|Any CPU.ActiveCfg = Debug|Any CPU
		{B9046684-A910-4F31-9E9A-E88AC0DA90D5}.Debug|Any CPU.Build.0 = Debug|Any CPU
		{B9046684-A910-4F31-9E9A-E88AC0DA90D5}.Release|Any CPU.ActiveCfg = Release|Any CPU
		{B9046684-A910-4F31-9E9A-E88AC0DA90D5}.Release|Any CPU.Build.0 = Release|Any CPU
	EndGlobalSection
EndGlobal
